
Microsoft Visual Studio Solution File, Format Version 11.00
# Visual Studio 2010
Project("{8BC9CEB8-8B4A-11D0-8D11-00A0C91BC942}") = "hoa_project", "hoa_project\hoa_project.vcxproj", "{5667C0A3-7CC2-407E-B413-B5552C0A11DC}"
EndProject
Global
	GlobalSection(SolutionConfigurationPlatforms) = preSolution
		Debug|Win32 = Debug|Win32
		Release|Win32 = Release|Win32
	EndGlobalSection
	GlobalSection(ProjectConfigurationPlatforms) = postSolution
		{5667C0A3-7CC2-407E-B413-B5552C0A11DC}.Debug|Win32.ActiveCfg = Debug|Win32
		{5667C0A3-7CC2-407E-B413-B5552C0A11DC}.Debug|Win32.Build.0 = Debug|Win32
		{5667C0A3-7CC2-407E-B413-B5552C0A11DC}.Release|Win32.ActiveCfg = Release|Win32
		{5667C0A3-7CC2-407E-B413-B5552C0A11DC}.Release|Win32.Build.0 = Release|Win32
	EndGlobalSection
	GlobalSection(SolutionProperties) = preSolution
		HideSolutionNode = FALSE
	EndGlobalSection
EndGlobal
